
Microsoft Visual Studio Solution File, Format Version 12.00
# Visual Studio Version 17
VisualStudioVersion = 17.4.33213.308
MinimumVisualStudioVersion = 10.0.40219.1
Project("{FAE04EC0-301F-11D3-BF4B-00C04F79EFBC}") = "DevaloreAss", "DevaloreAss\DevaloreAss.csproj", "{8727B87E-2985-4557-9E53-9363437B76F2}"
EndProject
Global
	GlobalSection(SolutionConfigurationPlatforms) = preSolution
		Debug|Any CPU = Debug|Any CPU
		Release|Any CPU = Release|Any CPU
	EndGlobalSection
	GlobalSection(ProjectConfigurationPlatforms) = postSolution
		{8727B87E-2985-4557-9E53-9363437B76F2}.Debug|Any CPU.ActiveCfg = Debug|Any CPU
		{8727B87E-2985-4557-9E53-9363437B76F2}.Debug|Any CPU.Build.0 = Debug|Any CPU
		{8727B87E-2985-4557-9E53-9363437B76F2}.Release|Any CPU.ActiveCfg = Release|Any CPU
		{8727B87E-2985-4557-9E53-9363437B76F2}.Release|Any CPU.Build.0 = Release|Any CPU
	EndGlobalSection
	GlobalSection(SolutionProperties) = preSolution
		HideSolutionNode = FALSE
	EndGlobalSection
	GlobalSection(ExtensibilityGlobals) = postSolution
		SolutionGuid = {BF4512D6-07A4-4FFE-BF1D-5B03589874FA}
	EndGlobalSection
EndGlobal
